
Microsoft Visual Studio Solution File, Format Version 12.00
# Visual Studio Version 17
VisualStudioVersion = 17.5.33627.172
MinimumVisualStudioVersion = 10.0.40219.1
Project("{FAE04EC0-301F-11D3-BF4B-00C04F79EFBC}") = "SdominoConsoleApp", "SdominoConsoleApp\SdominoConsoleApp.csproj", "{05E1CCBD-1552-4155-96A6-F70DECB18D4A}"
EndProject
Project("{2150E333-8FDC-42A3-9474-1A3956D46DE8}") = "Persistence", "Persistence", "{A9005E48-F371-4754-AC94-C45E0B67A6A0}"
EndProject
Project("{2150E333-8FDC-42A3-9474-1A3956D46DE8}") = "BusinessLogic", "BusinessLogic", "{8D02DBA9-D008-4388-9152-A72A0F586023}"
EndProject
Project("{2150E333-8FDC-42A3-9474-1A3956D46DE8}") = "Presentation", "Presentation", "{96250828-E3CF-49AE-A9F5-AE48965D4F55}"
EndProject
Project("{FAE04EC0-301F-11D3-BF4B-00C04F79EFBC}") = "SdominoData", "SdominoData\SdominoData.csproj", "{C79EE5B2-D6C5-4326-8496-42892C2D9081}"
EndProject
Project("{FAE04EC0-301F-11D3-BF4B-00C04F79EFBC}") = "SdominoServices", "SdominoServices\SdominoServices.csproj", "{E7758A9C-01FF-4ECE-955E-0D96E547BFC1}"
EndProject
Project("{FAE04EC0-301F-11D3-BF4B-00C04F79EFBC}") = "SominoModels", "SominoModels\SominoModels.csproj", "{CA3C714A-E34D-46DE-8BF0-3D7D192FEA01}"
EndProject
Global
	GlobalSection(SolutionConfigurationPlatforms) = preSolution
		Debug|Any CPU = Debug|Any CPU
		Release|Any CPU = Release|Any CPU
	EndGlobalSection
	GlobalSection(ProjectConfigurationPlatforms) = postSolution
		{05E1CCBD-1552-4155-96A6-F70DECB18D4A}.Debug|Any CPU.ActiveCfg = Debug|Any CPU
		{05E1CCBD-1552-4155-96A6-F70DECB18D4A}.Debug|Any CPU.Build.0 = Debug|Any CPU
		{05E1CCBD-1552-4155-96A6-F70DECB18D4A}.Release|Any CPU.ActiveCfg = Release|Any CPU
		{05E1CCBD-1552-4155-96A6-F70DECB18D4A}.Release|Any CPU.Build.0 = Release|Any CPU
		{C79EE5B2-D6C5-4326-8496-42892C2D9081}.Debug|Any CPU.ActiveCfg = Debug|Any CPU
		{C79EE5B2-D6C5-4326-8496-42892C2D9081}.Debug|Any CPU.Build.0 = Debug|Any CPU
		{C79EE5B2-D6C5-4326-8496-42892C2D9081}.Release|Any CPU.ActiveCfg = Release|Any CPU
		{C79EE5B2-D6C5-4326-8496-42892C2D9081}.Release|Any CPU.Build.0 = Release|Any CPU
		{E7758A9C-01FF-4ECE-955E-0D96E547BFC1}.Debug|Any CPU.ActiveCfg = Debug|Any CPU
		{E7758A9C-01FF-4ECE-955E-0D96E547BFC1}.Debug|Any CPU.Build.0 = Debug|Any CPU
		{E7758A9C-01FF-4ECE-955E-0D96E547BFC1}.Release|Any CPU.ActiveCfg = Release|Any CPU
		{E7758A9C-01FF-4ECE-955E-0D96E547BFC1}.Release|Any CPU.Build.0 = Release|Any CPU
		{CA3C714A-E34D-46DE-8BF0-3D7D192FEA01}.Debug|Any CPU.ActiveCfg = Debug|Any CPU
		{CA3C714A-E34D-46DE-8BF0-3D7D192FEA01}.Debug|Any CPU.Build.0 = Debug|Any CPU
		{CA3C714A-E34D-46DE-8BF0-3D7D192FEA01}.Release|Any CPU.ActiveCfg = Release|Any CPU
		{CA3C714A-E34D-46DE-8BF0-3D7D192FEA01}.Release|Any CPU.Build.0 = Release|Any CPU
	EndGlobalSection
	GlobalSection(SolutionProperties) = preSolution
		HideSolutionNode = FALSE
	EndGlobalSection
	GlobalSection(NestedProjects) = preSolution
		{05E1CCBD-1552-4155-96A6-F70DECB18D4A} = {96250828-E3CF-49AE-A9F5-AE48965D4F55}
		{C79EE5B2-D6C5-4326-8496-42892C2D9081} = {A9005E48-F371-4754-AC94-C45E0B67A6A0}
		{E7758A9C-01FF-4ECE-955E-0D96E547BFC1} = {8D02DBA9-D008-4388-9152-A72A0F586023}
		{CA3C714A-E34D-46DE-8BF0-3D7D192FEA01} = {8D02DBA9-D008-4388-9152-A72A0F586023}
	EndGlobalSection
	GlobalSection(ExtensibilityGlobals) = postSolution
		SolutionGuid = {BFD3BB0C-D687-440E-8513-3B92278A064B}
	EndGlobalSection
EndGlobal
